
Microsoft Visual Studio Solution File, Format Version 12.00
# Visual Studio 15
VisualStudioVersion = 15.0.27428.2015
MinimumVisualStudioVersion = 10.0.40219.1
Project("{8BC9CEB8-8B4A-11D0-8D11-00A0C91BC942}") = "data_structure", "data_structure.vcxproj", "{9E892E88-3379-4D5B-9E00-5BAFEDD9BEAD}"
EndProject
Global
	GlobalSection(SolutionConfigurationPlatforms) = preSolution
		Debug|x64 = Debug|x64
		Debug|x86 = Debug|x86
		Release|x64 = Release|x64
		Release|x86 = Release|x86
	EndGlobalSection
	GlobalSection(ProjectConfigurationPlatforms) = postSolution
		{9E892E88-3379-4D5B-9E00-5BAFEDD9BEAD}.Debug|x64.ActiveCfg = Debug|x64
		{9E892E88-3379-4D5B-9E00-5BAFEDD9BEAD}.Debug|x64.Build.0 = Debug|x64
		{9E892E88-3379-4D5B-9E00-5BAFEDD9BEAD}.Debug|x86.ActiveCfg = Debug|Win32
		{9E892E88-3379-4D5B-9E00-5BAFEDD9BEAD}.Debug|x86.Build.0 = Debug|Win32
		{9E892E88-3379-4D5B-9E00-5BAFEDD9BEAD}.Release|x64.ActiveCfg = Release|x64
		{9E892E88-3379-4D5B-9E00-5BAFEDD9BEAD}.Release|x64.Build.0 = Release|x64
		{9E892E88-3379-4D5B-9E00-5BAFEDD9BEAD}.Release|x86.ActiveCfg = Release|Win32
		{9E892E88-3379-4D5B-9E00-5BAFEDD9BEAD}.Release|x86.Build.0 = Release|Win32
	EndGlobalSection
	GlobalSection(SolutionProperties) = preSolution
		HideSolutionNode = FALSE
	EndGlobalSection
	GlobalSection(ExtensibilityGlobals) = postSolution
		SolutionGuid = {0BCF1971-6E51-4BE4-81B8-27D73AA33CEF}
	EndGlobalSection
EndGlobal
